
Microsoft Visual Studio Solution File, Format Version 12.00
# Visual Studio Version 17
VisualStudioVersion = 17.3.32825.248
MinimumVisualStudioVersion = 10.0.40219.1
Project("{FAE04EC0-301F-11D3-BF4B-00C04F79EFBC}") = "RPCOOP", "RPCOOP\RPCOOP.csproj", "{FD359BA7-22F7-4360-90CA-4FC3EC66B410}"
EndProject
Global
	GlobalSection(SolutionConfigurationPlatforms) = preSolution
		Debug|Any CPU = Debug|Any CPU
		Release|Any CPU = Release|Any CPU
	EndGlobalSection
	GlobalSection(ProjectConfigurationPlatforms) = postSolution
		{FD359BA7-22F7-4360-90CA-4FC3EC66B410}.Debug|Any CPU.ActiveCfg = Debug|Any CPU
		{FD359BA7-22F7-4360-90CA-4FC3EC66B410}.Debug|Any CPU.Build.0 = Debug|Any CPU
		{FD359BA7-22F7-4360-90CA-4FC3EC66B410}.Release|Any CPU.ActiveCfg = Release|Any CPU
		{FD359BA7-22F7-4360-90CA-4FC3EC66B410}.Release|Any CPU.Build.0 = Release|Any CPU
	EndGlobalSection
	GlobalSection(SolutionProperties) = preSolution
		HideSolutionNode = FALSE
	EndGlobalSection
	GlobalSection(ExtensibilityGlobals) = postSolution
		SolutionGuid = {D5163580-AFB6-4F9F-997F-DFCA3A14C894}
	EndGlobalSection
EndGlobal
